# @generated by Move, please check-in and do not edit manually.

[move]
version = 3
manifest_digest = "82BA4CD309F3CFC87D6C072070D82C291A0B8E28B6F07F87B219FE67692D7F05"
deps_digest = "060AD7E57DFB13104F21BE5F5C3759D03F0553FC3229247D9A7A6B45F50D03A3"
dependencies = [
  { id = "Sui", name = "Sui" },
  { id = "WAL", name = "WAL" },
  { id = "Walrus", name = "Walrus" },
]

[[move.package]]
id = "MoveStdlib"
source = { git = "https://github.com/MystenLabs/sui.git", rev = "bd272b07244d", subdir = "crates/sui-framework/packages/move-stdlib" }

[[move.package]]
id = "Sui"
source = { git = "https://github.com/MystenLabs/sui.git", rev = "bd272b07244d", subdir = "crates/sui-framework/packages/sui-framework" }

dependencies = [
  { id = "MoveStdlib", name = "MoveStdlib" },
]

[[move.package]]
id = "WAL"
source = { local = "dependencies/wal" }

dependencies = [
  { id = "Sui", name = "Sui" },
]

[[move.package]]
id = "Walrus"
source = { local = "dependencies/walrus" }

dependencies = [
  { id = "Sui", name = "Sui" },
  { id = "WAL", name = "WAL" },
]

[move.toolchain-version]
compiler-version = "1.60.0"
edition = "2024.beta"
flavor = "sui"

[env]

[env.testnet]
chain-id = "4c78adac"
original-published-id = "0x6e4a4e65ba20ead7cea8d6ef0ed4d5639afdfff259c6943f02cbce927b21ae89"
latest-published-id = "0x300b8182eea252a00d5ff19568126cc20c0bdd19c7e25f6c6953363393d344e6"
published-version = "3"

[env.mainnet]
chain-id = "35834a8a"
original-published-id = "0x8ed5834faad055067328dd44577e5fb7a6c6c61299483616061e642c465eda47"
latest-published-id = "0x438096a3aea070fc48fde11bfc916768113d2a869da7d558cad4b3a8ac91a69f"
published-version = "2"
